// !$*UTF8*$!
{
	archiveVersion = 1;
	classes = {
	};
	objectVersion = 50;
	objects = {

/* Begin PBXBuildFile section */
		8CE327EB2206FE270026A151 /* AppDelegate.swift in Sources */ = {isa = PBXBuildFile; fileRef = 8CE327EA2206FE270026A151 /* AppDelegate.swift */; };
		8CE3280C220704320026A151 /* LeapYearCheckerTests.swift in Sources */ = {isa = PBXBuildFile; fileRef = 8CE3280B220704320026A151 /* LeapYearCheckerTests.swift */; };
		8CE3280E2207057D0026A151 /* LeapYearChecker.swift in Sources */ = {isa = PBXBuildFile; fileRef = 8CE3280D2207057D0026A151 /* LeapYearChecker.swift */; };
/* End PBXBuildFile section */

/* Begin PBXContainerItemProxy section */
		8CE327FC2206FE290026A151 /* PBXContainerItemProxy */ = {
			isa = PBXContainerItemProxy;
			containerPortal = 8CE327DF2206FE270026A151 /* Project object */;
			proxyType = 1;
			remoteGlobalIDString = 8CE327E62206FE270026A151;
			remoteInfo = LeapYears;
		};
/* End PBXContainerItemProxy section */

/* Begin PBXFileReference section */
		8CE327E72206FE270026A151 /* LeapYears.app */ = {isa = PBXFileReference; explicitFileType = wrapper.application; includeInIndex = 0; path = LeapYears.app; sourceTree = BUILT_PRODUCTS_DIR; };
		8CE327EA2206FE270026A151 /* AppDelegate.swift */ = {isa = PBXFileReference; lastKnownFileType = sourcecode.swift; path = AppDelegate.swift; sourceTree = "<group>"; };
		8CE327F62206FE290026A151 /* AppInfo.plist */ = {isa = PBXFileReference; lastKnownFileType = text.plist.xml; path = AppInfo.plist; sourceTree = "<group>"; };
		8CE327FB2206FE290026A151 /* LeapYearsTests.xctest */ = {isa = PBXFileReference; explicitFileType = wrapper.cfbundle; includeInIndex = 0; path = LeapYearsTests.xctest; sourceTree = BUILT_PRODUCTS_DIR; };
		8CE328012206FE290026A151 /* TestsInfo.plist */ = {isa = PBXFileReference; lastKnownFileType = text.plist.xml; path = TestsInfo.plist; sourceTree = "<group>"; };
		8CE3280B220704320026A151 /* LeapYearCheckerTests.swift */ = {isa = PBXFileReference; lastKnownFileType = sourcecode.swift; path = LeapYearCheckerTests.swift; sourceTree = "<group>"; };
		8CE3280D2207057D0026A151 /* LeapYearChecker.swift */ = {isa = PBXFileReference; lastKnownFileType = sourcecode.swift; path = LeapYearChecker.swift; sourceTree = "<group>"; };
/* End PBXFileReference section */

/* Begin PBXFrameworksBuildPhase section */
		8CE327E42206FE270026A151 /* Frameworks */ = {
			isa = PBXFrameworksBuildPhase;
			buildActionMask = 2147483647;
			files = (
			);
			runOnlyForDeploymentPostprocessing = 0;
		};
		8CE327F82206FE290026A151 /* Frameworks */ = {
			isa = PBXFrameworksBuildPhase;
			buildActionMask = 2147483647;
			files = (
			);
			runOnlyForDeploymentPostprocessing = 0;
		};
/* End PBXFrameworksBuildPhase section */

/* Begin PBXGroup section */
		8CE327DE2206FE270026A151 = {
			isa = PBXGroup;
			children = (
				8CE327E92206FE270026A151 /* LeapYears */,
				8CE327FE2206FE290026A151 /* LeapYearsTests */,
				8CE327E82206FE270026A151 /* Products */,
				8CE3280A2206FF650026A151 /* SupportingFiles */,
			);
			sourceTree = "<group>";
		};
		8CE327E82206FE270026A151 /* Products */ = {
			isa = PBXGroup;
			children = (
				8CE327E72206FE270026A151 /* LeapYears.app */,
				8CE327FB2206FE290026A151 /* LeapYearsTests.xctest */,
			);
			name = Products;
			sourceTree = "<group>";
		};
		8CE327E92206FE270026A151 /* LeapYears */ = {
			isa = PBXGroup;
			children = (
				8CE327EA2206FE270026A151 /* AppDelegate.swift */,
				8CE3280D2207057D0026A151 /* LeapYearChecker.swift */,
			);
			path = LeapYears;
			sourceTree = "<group>";
		};
		8CE327FE2206FE290026A151 /* LeapYearsTests */ = {
			isa = PBXGroup;
			children = (
				8CE3280B220704320026A151 /* LeapYearCheckerTests.swift */,
			);
			path = LeapYearsTests;
			sourceTree = "<group>";
		};
		8CE3280A2206FF650026A151 /* SupportingFiles */ = {
			isa = PBXGroup;
			children = (
				8CE327F62206FE290026A151 /* AppInfo.plist */,
				8CE328012206FE290026A151 /* TestsInfo.plist */,
			);
			path = SupportingFiles;
			sourceTree = "<group>";
		};
/* End PBXGroup section */

/* Begin PBXNativeTarget section */
		8CE327E62206FE270026A151 /* LeapYears */ = {
			isa = PBXNativeTarget;
			buildConfigurationList = 8CE328042206FE290026A151 /* Build configuration list for PBXNativeTarget "LeapYears" */;
			buildPhases = (
				8CE327E32206FE270026A151 /* Sources */,
				8CE327E42206FE270026A151 /* Frameworks */,
				8CE327E52206FE270026A151 /* Resources */,
			);
			buildRules = (
			);
			dependencies = (
			);
			name = LeapYears;
			productName = LeapYears;
			productReference = 8CE327E72206FE270026A151 /* LeapYears.app */;
			productType = "com.apple.product-type.application";
		};
		8CE327FA2206FE290026A151 /* LeapYearsTests */ = {
			isa = PBXNativeTarget;
			buildConfigurationList = 8CE328072206FE290026A151 /* Build configuration list for PBXNativeTarget "LeapYearsTests" */;
			buildPhases = (
				8CE327F72206FE290026A151 /* Sources */,
				8CE327F82206FE290026A151 /* Frameworks */,
				8CE327F92206FE290026A151 /* Resources */,
			);
			buildRules = (
			);
			dependencies = (
				8CE327FD2206FE290026A151 /* PBXTargetDependency */,
			);
			name = LeapYearsTests;
			productName = LeapYearsTests;
			productReference = 8CE327FB2206FE290026A151 /* LeapYearsTests.xctest */;
			productType = "com.apple.product-type.bundle.unit-test";
		};
/* End PBXNativeTarget section */

/* Begin PBXProject section */
		8CE327DF2206FE270026A151 /* Project object */ = {
			isa = PBXProject;
			attributes = {
				LastSwiftUpdateCheck = 1010;
				LastUpgradeCheck = 1010;
				ORGANIZATIONNAME = "2019-DEV-089";
				TargetAttributes = {
					8CE327E62206FE270026A151 = {
						CreatedOnToolsVersion = 10.1;
					};
					8CE327FA2206FE290026A151 = {
						CreatedOnToolsVersion = 10.1;
						TestTargetID = 8CE327E62206FE270026A151;
					};
				};
			};
			buildConfigurationList = 8CE327E22206FE270026A151 /* Build configuration list for PBXProject "LeapYears" */;
			compatibilityVersion = "Xcode 9.3";
			developmentRegion = en;
			hasScannedForEncodings = 0;
			knownRegions = (
				en,
				Base,
			);
			mainGroup = 8CE327DE2206FE270026A151;
			productRefGroup = 8CE327E82206FE270026A151 /* Products */;
			projectDirPath = "";
			projectRoot = "";
			targets = (
				8CE327E62206FE270026A151 /* LeapYears */,
				8CE327FA2206FE290026A151 /* LeapYearsTests */,
			);
		};
/* End PBXProject section */

/* Begin PBXResourcesBuildPhase section */
		8CE327E52206FE270026A151 /* Resources */ = {
			isa = PBXResourcesBuildPhase;
			buildActionMask = 2147483647;
			files = (
			);
			runOnlyForDeploymentPostprocessing = 0;
		};
		8CE327F92206FE290026A151 /* Resources */ = {
			isa = PBXResourcesBuildPhase;
			buildActionMask = 2147483647;
			files = (
			);
			runOnlyForDeploymentPostprocessing = 0;
		};
/* End PBXResourcesBuildPhase section */

/* Begin PBXSourcesBuildPhase section */
		8CE327E32206FE270026A151 /* Sources */ = {
			isa = PBXSourcesBuildPhase;
			buildActionMask = 2147483647;
			files = (
				8CE3280E2207057D0026A151 /* LeapYearChecker.swift in Sources */,
				8CE327EB2206FE270026A151 /* AppDelegate.swift in Sources */,
			);
			runOnlyForDeploymentPostprocessing = 0;
		};
		8CE327F72206FE290026A151 /* Sources */ = {
			isa = PBXSourcesBuildPhase;
			buildActionMask = 2147483647;
			files = (
				8CE3280C220704320026A151 /* LeapYearCheckerTests.swift in Sources */,
			);
			runOnlyForDeploymentPostprocessing = 0;
		};
/* End PBXSourcesBuildPhase section */

/* Begin PBXTargetDependency section */
		8CE327FD2206FE290026A151 /* PBXTargetDependency */ = {
			isa = PBXTargetDependency;
			target = 8CE327E62206FE270026A151 /* LeapYears */;
			targetProxy = 8CE327FC2206FE290026A151 /* PBXContainerItemProxy */;
		};
/* End PBXTargetDependency section */

/* Begin XCBuildConfiguration section */
		8CE328022206FE290026A151 /* Debug */ = {
			isa = XCBuildConfiguration;
			buildSettings = {
				ALWAYS_SEARCH_USER_PATHS = NO;
				CLANG_ANALYZER_NONNULL = YES;
				CLANG_ANALYZER_NUMBER_OBJECT_CONVERSION = YES_AGGRESSIVE;
				CLANG_CXX_LANGUAGE_STANDARD = "gnu++14";
				CLANG_CXX_LIBRARY = "libc++";
				CLANG_ENABLE_MODULES = YES;
				CLANG_ENABLE_OBJC_ARC = YES;
				CLANG_ENABLE_OBJC_WEAK = YES;
				CLANG_WARN_BLOCK_CAPTURE_AUTORELEASING = YES;
				CLANG_WARN_BOOL_CONVERSION = YES;
				CLANG_WARN_COMMA = YES;
				CLANG_WARN_CONSTANT_CONVERSION = YES;
				CLANG_WARN_DEPRECATED_OBJC_IMPLEMENTATIONS = YES;
				CLANG_WARN_DIRECT_OBJC_ISA_USAGE = YES_ERROR;
				CLANG_WARN_DOCUMENTATION_COMMENTS = YES;
				CLANG_WARN_EMPTY_BODY = YES;
				CLANG_WARN_ENUM_CONVERSION = YES;
				CLANG_WARN_INFINITE_RECURSION = YES;
				CLANG_WARN_INT_CONVERSION = YES;
				CLANG_WARN_NON_LITERAL_NULL_CONVERSION = YES;
				CLANG_WARN_OBJC_IMPLICIT_RETAIN_SELF = YES;
				CLANG_WARN_OBJC_LITERAL_CONVERSION = YES;
				CLANG_WARN_OBJC_ROOT_CLASS = YES_ERROR;
				CLANG_WARN_RANGE_LOOP_ANALYSIS = YES;
				CLANG_WARN_STRICT_PROTOTYPES = YES;
				CLANG_WARN_SUSPICIOUS_MOVE = YES;
				CLANG_WARN_UNGUARDED_AVAILABILITY = YES_AGGRESSIVE;
				CLANG_WARN_UNREACHABLE_CODE = YES;
				CLANG_WARN__DUPLICATE_METHOD_MATCH = YES;
				CODE_SIGN_IDENTITY = "iPhone Developer";
				COPY_PHASE_STRIP = NO;
				DEBUG_INFORMATION_FORMAT = dwarf;
				ENABLE_STRICT_OBJC_MSGSEND = YES;
				ENABLE_TESTABILITY = YES;
				GCC_C_LANGUAGE_STANDARD = gnu11;
				GCC_DYNAMIC_NO_PIC = NO;
				GCC_NO_COMMON_BLOCKS = YES;
				GCC_OPTIMIZATION_LEVEL = 0;
				GCC_PREPROCESSOR_DEFINITIONS = (
					"DEBUG=1",
					"$(inherited)",
				);
				GCC_WARN_64_TO_32_BIT_CONVERSION = YES;
				GCC_WARN_ABOUT_RETURN_TYPE = YES_ERROR;
				GCC_WARN_UNDECLARED_SELECTOR = YES;
				GCC_WARN_UNINITIALIZED_AUTOS = YES_AGGRESSIVE;
				GCC_WARN_UNUSED_FUNCTION = YES;
				GCC_WARN_UNUSED_VARIABLE = YES;
				IPHONEOS_DEPLOYMENT_TARGET = 12.1;
				MTL_ENABLE_DEBUG_INFO = INCLUDE_SOURCE;
				MTL_FAST_MATH = YES;
				ONLY_ACTIVE_ARCH = YES;
				SDKROOT = iphoneos;
				SWIFT_ACTIVE_COMPILATION_CONDITIONS = DEBUG;
				SWIFT_OPTIMIZATION_LEVEL = "-Onone";
			};
			name = Debug;
		};
		8CE328032206FE290026A151 /* Release */ = {
			isa = XCBuildConfiguration;
			buildSettings = {
				ALWAYS_SEARCH_USER_PATHS = NO;
				CLANG_ANALYZER_NONNULL = YES;
				CLANG_ANALYZER_NUMBER_OBJECT_CONVERSION = YES_AGGRESSIVE;
				CLANG_CXX_LANGUAGE_STANDARD = "gnu++14";
				CLANG_CXX_LIBRARY = "libc++";
				CLANG_ENABLE_MODULES = YES;
				CLANG_ENABLE_OBJC_ARC = YES;
				CLANG_ENABLE_OBJC_WEAK = YES;
				CLANG_WARN_BLOCK_CAPTURE_AUTORELEASING = YES;
				CLANG_WARN_BOOL_CONVERSION = YES;
				CLANG_WARN_COMMA = YES;
				CLANG_WARN_CONSTANT_CONVERSION = YES;
				CLANG_WARN_DEPRECATED_OBJC_IMPLEMENTATIONS = YES;
				CLANG_WARN_DIRECT_OBJC_ISA_USAGE = YES_ERROR;
				CLANG_WARN_DOCUMENTATION_COMMENTS = YES;
				CLANG_WARN_EMPTY_BODY = YES;
				CLANG_WARN_ENUM_CONVERSION = YES;
				CLANG_WARN_INFINITE_RECURSION = YES;
				CLANG_WARN_INT_CONVERSION = YES;
				CLANG_WARN_NON_LITERAL_NULL_CONVERSION = YES;
				CLANG_WARN_OBJC_IMPLICIT_RETAIN_SELF = YES;
				CLANG_WARN_OBJC_LITERAL_CONVERSION = YES;
				CLANG_WARN_OBJC_ROOT_CLASS = YES_ERROR;
				CLANG_WARN_RANGE_LOOP_ANALYSIS = YES;
				CLANG_WARN_STRICT_PROTOTYPES = YES;
				CLANG_WARN_SUSPICIOUS_MOVE = YES;
				CLANG_WARN_UNGUARDED_AVAILABILITY = YES_AGGRESSIVE;
				CLANG_WARN_UNREACHABLE_CODE = YES;
				CLANG_WARN__DUPLICATE_METHOD_MATCH = YES;
				CODE_SIGN_IDENTITY = "iPhone Developer";
				COPY_PHASE_STRIP = NO;
				DEBUG_INFORMATION_FORMAT = "dwarf-with-dsym";
				ENABLE_NS_ASSERTIONS = NO;
				ENABLE_STRICT_OBJC_MSGSEND = YES;
				GCC_C_LANGUAGE_STANDARD = gnu11;
				GCC_NO_COMMON_BLOCKS = YES;
				GCC_WARN_64_TO_32_BIT_CONVERSION = YES;
				GCC_WARN_ABOUT_RETURN_TYPE = YES_ERROR;
				GCC_WARN_UNDECLARED_SELECTOR = YES;
				GCC_WARN_UNINITIALIZED_AUTOS = YES_AGGRESSIVE;
				GCC_WARN_UNUSED_FUNCTION = YES;
				GCC_WARN_UNUSED_VARIABLE = YES;
				IPHONEOS_DEPLOYMENT_TARGET = 12.1;
				MTL_ENABLE_DEBUG_INFO = NO;
				MTL_FAST_MATH = YES;
				SDKROOT = iphoneos;
				SWIFT_COMPILATION_MODE = wholemodule;
				SWIFT_OPTIMIZATION_LEVEL = "-O";
				VALIDATE_PRODUCT = YES;
			};
			name = Release;
		};
		8CE328052206FE290026A151 /* Debug */ = {
			isa = XCBuildConfiguration;
			buildSettings = {
				ASSETCATALOG_COMPILER_APPICON_NAME = AppIcon;
				CODE_SIGN_STYLE = Automatic;
				INFOPLIST_FILE = SupportingFiles/AppInfo.plist;
				LD_RUNPATH_SEARCH_PATHS = (
					"$(inherited)",
					"@executable_path/Frameworks",
				);
				PRODUCT_BUNDLE_IDENTIFIER = kata.LeapYears;
				PRODUCT_NAME = "$(TARGET_NAME)";
				SWIFT_VERSION = 4.2;
				TARGETED_DEVICE_FAMILY = "1,2";
			};
			name = Debug;
		};
		8CE328062206FE290026A151 /* Release */ = {
			isa = XCBuildConfiguration;
			buildSettings = {
				ASSETCATALOG_COMPILER_APPICON_NAME = AppIcon;
				CODE_SIGN_STYLE = Automatic;
				INFOPLIST_FILE = SupportingFiles/AppInfo.plist;
				LD_RUNPATH_SEARCH_PATHS = (
					"$(inherited)",
					"@executable_path/Frameworks",
				);
				PRODUCT_BUNDLE_IDENTIFIER = kata.LeapYears;
				PRODUCT_NAME = "$(TARGET_NAME)";
				SWIFT_VERSION = 4.2;
				TARGETED_DEVICE_FAMILY = "1,2";
			};
			name = Release;
		};
		8CE328082206FE290026A151 /* Debug */ = {
			isa = XCBuildConfiguration;
			buildSettings = {
				ALWAYS_EMBED_SWIFT_STANDARD_LIBRARIES = YES;
				BUNDLE_LOADER = "$(TEST_HOST)";
				CODE_SIGN_STYLE = Automatic;
				INFOPLIST_FILE = SupportingFiles/TestsInfo.plist;
				LD_RUNPATH_SEARCH_PATHS = (
					"$(inherited)",
					"@executable_path/Frameworks",
					"@loader_path/Frameworks",
				);
				PRODUCT_BUNDLE_IDENTIFIER = kata.LeapYearsTests;
				PRODUCT_NAME = "$(TARGET_NAME)";
				SWIFT_VERSION = 4.2;
				TARGETED_DEVICE_FAMILY = "1,2";
				TEST_HOST = "$(BUILT_PRODUCTS_DIR)/LeapYears.app/LeapYears";
			};
			name = Debug;
		};
		8CE328092206FE290026A151 /* Release */ = {
			isa = XCBuildConfiguration;
			buildSettings = {
				ALWAYS_EMBED_SWIFT_STANDARD_LIBRARIES = YES;
				BUNDLE_LOADER = "$(TEST_HOST)";
				CODE_SIGN_STYLE = Automatic;
				INFOPLIST_FILE = SupportingFiles/TestsInfo.plist;
				LD_RUNPATH_SEARCH_PATHS = (
					"$(inherited)",
					"@executable_path/Frameworks",
					"@loader_path/Frameworks",
				);
				PRODUCT_BUNDLE_IDENTIFIER = kata.LeapYearsTests;
				PRODUCT_NAME = "$(TARGET_NAME)";
				SWIFT_VERSION = 4.2;
				TARGETED_DEVICE_FAMILY = "1,2";
				TEST_HOST = "$(BUILT_PRODUCTS_DIR)/LeapYears.app/LeapYears";
			};
			name = Release;
		};
/* End XCBuildConfiguration section */

/* Begin XCConfigurationList section */
		8CE327E22206FE270026A151 /* Build configuration list for PBXProject "LeapYears" */ = {
			isa = XCConfigurationList;
			buildConfigurations = (
				8CE328022206FE290026A151 /* Debug */,
				8CE328032206FE290026A151 /* Release */,
			);
			defaultConfigurationIsVisible = 0;
			defaultConfigurationName = Release;
		};
		8CE328042206FE290026A151 /* Build configuration list for PBXNativeTarget "LeapYears" */ = {
			isa = XCConfigurationList;
			buildConfigurations = (
				8CE328052206FE290026A151 /* Debug */,
				8CE328062206FE290026A151 /* Release */,
			);
			defaultConfigurationIsVisible = 0;
			defaultConfigurationName = Release;
		};
		8CE328072206FE290026A151 /* Build configuration list for PBXNativeTarget "LeapYearsTests" */ = {
			isa = XCConfigurationList;
			buildConfigurations = (
				8CE328082206FE290026A151 /* Debug */,
				8CE328092206FE290026A151 /* Release */,
			);
			defaultConfigurationIsVisible = 0;
			defaultConfigurationName = Release;
		};
/* End XCConfigurationList section */
	};
	rootObject = 8CE327DF2206FE270026A151 /* Project object */;
}
